
Microsoft Visual Studio Solution File, Format Version 12.00
# Visual Studio Version 17
VisualStudioVersion = 17.8.34316.72
MinimumVisualStudioVersion = 10.0.40219.1
Project("{FAE04EC0-301F-11D3-BF4B-00C04F79EFBC}") = "PokemonApi.WebApi", "PokemonApi.WebApi\PokemonApi.WebApi.csproj", "{EC149966-7639-4F31-8A5E-D655AB8F3EE0}"
EndProject
Project("{FAE04EC0-301F-11D3-BF4B-00C04F79EFBC}") = "PokemonApi.Domain", "PokemonApi.Domain\PokemonApi.Domain.csproj", "{30ED9147-17FF-4A03-AE20-1739D9ECFAF3}"
EndProject
Project("{FAE04EC0-301F-11D3-BF4B-00C04F79EFBC}") = "PokemonApi.Application", "PokemonApi.Application\PokemonApi.Application.csproj", "{483942CB-1081-40EE-852E-0B2FCE914F83}"
EndProject
Project("{FAE04EC0-301F-11D3-BF4B-00C04F79EFBC}") = "PokemonApi.Infrastructure", "PokemonApi.Infrastructure\PokemonApi.Infrastructure.csproj", "{487B6CEE-55BC-4AC3-8743-9823FF75821B}"
EndProject
Project("{FAE04EC0-301F-11D3-BF4B-00C04F79EFBC}") = "PokemonApi.Tests", "PokemonApi.Tests\PokemonApi.Tests.csproj", "{66B148FF-9C63-4918-AE77-385A1818E718}"
EndProject
Global
	GlobalSection(SolutionConfigurationPlatforms) = preSolution
		Debug|Any CPU = Debug|Any CPU
		Release|Any CPU = Release|Any CPU
	EndGlobalSection
	GlobalSection(ProjectConfigurationPlatforms) = postSolution
		{EC149966-7639-4F31-8A5E-D655AB8F3EE0}.Debug|Any CPU.ActiveCfg = Debug|Any CPU
		{EC149966-7639-4F31-8A5E-D655AB8F3EE0}.Debug|Any CPU.Build.0 = Debug|Any CPU
		{EC149966-7639-4F31-8A5E-D655AB8F3EE0}.Release|Any CPU.ActiveCfg = Release|Any CPU
		{EC149966-7639-4F31-8A5E-D655AB8F3EE0}.Release|Any CPU.Build.0 = Release|Any CPU
		{30ED9147-17FF-4A03-AE20-1739D9ECFAF3}.Debug|Any CPU.ActiveCfg = Debug|Any CPU
		{30ED9147-17FF-4A03-AE20-1739D9ECFAF3}.Debug|Any CPU.Build.0 = Debug|Any CPU
		{30ED9147-17FF-4A03-AE20-1739D9ECFAF3}.Release|Any CPU.ActiveCfg = Release|Any CPU
		{30ED9147-17FF-4A03-AE20-1739D9ECFAF3}.Release|Any CPU.Build.0 = Release|Any CPU
		{483942CB-1081-40EE-852E-0B2FCE914F83}.Debug|Any CPU.ActiveCfg = Debug|Any CPU
		{483942CB-1081-40EE-852E-0B2FCE914F83}.Debug|Any CPU.Build.0 = Debug|Any CPU
		{483942CB-1081-40EE-852E-0B2FCE914F83}.Release|Any CPU.ActiveCfg = Release|Any CPU
		{483942CB-1081-40EE-852E-0B2FCE914F83}.Release|Any CPU.Build.0 = Release|Any CPU
		{487B6CEE-55BC-4AC3-8743-9823FF75821B}.Debug|Any CPU.ActiveCfg = Debug|Any CPU
		{487B6CEE-55BC-4AC3-8743-9823FF75821B}.Debug|Any CPU.Build.0 = Debug|Any CPU
		{487B6CEE-55BC-4AC3-8743-9823FF75821B}.Release|Any CPU.ActiveCfg = Release|Any CPU
		{487B6CEE-55BC-4AC3-8743-9823FF75821B}.Release|Any CPU.Build.0 = Release|Any CPU
		{66B148FF-9C63-4918-AE77-385A1818E718}.Debug|Any CPU.ActiveCfg = Debug|Any CPU
		{66B148FF-9C63-4918-AE77-385A1818E718}.Debug|Any CPU.Build.0 = Debug|Any CPU
		{66B148FF-9C63-4918-AE77-385A1818E718}.Release|Any CPU.ActiveCfg = Release|Any CPU
		{66B148FF-9C63-4918-AE77-385A1818E718}.Release|Any CPU.Build.0 = Release|Any CPU
	EndGlobalSection
	GlobalSection(SolutionProperties) = preSolution
		HideSolutionNode = FALSE
	EndGlobalSection
	GlobalSection(ExtensibilityGlobals) = postSolution
		SolutionGuid = {1BDE7750-747C-4FBD-855B-7AF86A48877C}
	EndGlobalSection
EndGlobal
